
Microsoft Visual Studio Solution File, Format Version 12.00
# Visual Studio 14
VisualStudioVersion = 14.0.25420.1
MinimumVisualStudioVersion = 10.0.40219.1
Project("{2150E333-8FDC-42A3-9474-1A3956D46DE8}") = ".nuget", ".nuget", "{29726350-E479-41EA-A3A1-FDCF44616012}"
	ProjectSection(SolutionItems) = preProject
		.nuget\packages.config = .nuget\packages.config
	EndProjectSection
EndProject
Project("{2150E333-8FDC-42A3-9474-1A3956D46DE8}") = "DomainLayer", "DomainLayer", "{F722A6C6-2B1F-4855-9E7F-7B984FC6E89C}"
EndProject
Project("{2150E333-8FDC-42A3-9474-1A3956D46DE8}") = "InfrastructureLayer", "InfrastructureLayer", "{43EF9E00-B38F-49DC-8D8A-F1F144A270D1}"
EndProject
Project("{2150E333-8FDC-42A3-9474-1A3956D46DE8}") = "Site", "Site", "{4416773B-AAB3-4F3B-8C38-954E2122FE2F}"
EndProject
Project("{2150E333-8FDC-42A3-9474-1A3956D46DE8}") = "Utility", "Utility", "{8F6110A2-ED1F-4531-AFCF-96CCC4EDEE54}"
EndProject
Project("{FAE04EC0-301F-11D3-BF4B-00C04F79EFBC}") = "KhelaGharAMS", "src\Site\KhelaGharAMS\KhelaGharAMS.csproj", "{9D6818FF-33BC-4127-9F19-FCDED72B2BF0}"
EndProject
Project("{FAE04EC0-301F-11D3-BF4B-00C04F79EFBC}") = "KhelaGhar.AMS.Utility", "src\Infrastructure\KhelaGhar.AMS.Utility\KhelaGhar.AMS.Utility.csproj", "{CD675848-4361-4C5E-A057-F9BAEDC51CD7}"
EndProject
Project("{FAE04EC0-301F-11D3-BF4B-00C04F79EFBC}") = "KhelaGhar.AMS.Model", "src\Domain\KhelaGhar.AMS.Model\KhelaGhar.AMS.Model.csproj", "{BB43AB7D-D263-4AFA-8787-7A1862DA5C96}"
EndProject
Global
	GlobalSection(SolutionConfigurationPlatforms) = preSolution
		Debug|Any CPU = Debug|Any CPU
		Release|Any CPU = Release|Any CPU
	EndGlobalSection
	GlobalSection(ProjectConfigurationPlatforms) = postSolution
		{9D6818FF-33BC-4127-9F19-FCDED72B2BF0}.Debug|Any CPU.ActiveCfg = Debug|Any CPU
		{9D6818FF-33BC-4127-9F19-FCDED72B2BF0}.Debug|Any CPU.Build.0 = Debug|Any CPU
		{9D6818FF-33BC-4127-9F19-FCDED72B2BF0}.Release|Any CPU.ActiveCfg = Release|Any CPU
		{9D6818FF-33BC-4127-9F19-FCDED72B2BF0}.Release|Any CPU.Build.0 = Release|Any CPU
		{CD675848-4361-4C5E-A057-F9BAEDC51CD7}.Debug|Any CPU.ActiveCfg = Debug|Any CPU
		{CD675848-4361-4C5E-A057-F9BAEDC51CD7}.Debug|Any CPU.Build.0 = Debug|Any CPU
		{CD675848-4361-4C5E-A057-F9BAEDC51CD7}.Release|Any CPU.ActiveCfg = Release|Any CPU
		{CD675848-4361-4C5E-A057-F9BAEDC51CD7}.Release|Any CPU.Build.0 = Release|Any CPU
		{BB43AB7D-D263-4AFA-8787-7A1862DA5C96}.Debug|Any CPU.ActiveCfg = Debug|Any CPU
		{BB43AB7D-D263-4AFA-8787-7A1862DA5C96}.Debug|Any CPU.Build.0 = Debug|Any CPU
		{BB43AB7D-D263-4AFA-8787-7A1862DA5C96}.Release|Any CPU.ActiveCfg = Release|Any CPU
		{BB43AB7D-D263-4AFA-8787-7A1862DA5C96}.Release|Any CPU.Build.0 = Release|Any CPU
	EndGlobalSection
	GlobalSection(SolutionProperties) = preSolution
		HideSolutionNode = FALSE
	EndGlobalSection
	GlobalSection(NestedProjects) = preSolution
		{8F6110A2-ED1F-4531-AFCF-96CCC4EDEE54} = {43EF9E00-B38F-49DC-8D8A-F1F144A270D1}
		{9D6818FF-33BC-4127-9F19-FCDED72B2BF0} = {4416773B-AAB3-4F3B-8C38-954E2122FE2F}
		{CD675848-4361-4C5E-A057-F9BAEDC51CD7} = {8F6110A2-ED1F-4531-AFCF-96CCC4EDEE54}
		{BB43AB7D-D263-4AFA-8787-7A1862DA5C96} = {F722A6C6-2B1F-4855-9E7F-7B984FC6E89C}
	EndGlobalSection
EndGlobal
