
Microsoft Visual Studio Solution File, Format Version 12.00
# Visual Studio 14
VisualStudioVersion = 14.0.25420.1
MinimumVisualStudioVersion = 10.0.40219.1
Project("{2150E333-8FDC-42A3-9474-1A3956D46DE8}") = ".nuget", ".nuget", "{29726350-E479-41EA-A3A1-FDCF44616012}"
	ProjectSection(SolutionItems) = preProject
		.nuget\packages.config = .nuget\packages.config
	EndProjectSection
EndProject
Project("{2150E333-8FDC-42A3-9474-1A3956D46DE8}") = "DomainLayer", "DomainLayer", "{F722A6C6-2B1F-4855-9E7F-7B984FC6E89C}"
EndProject
Project("{2150E333-8FDC-42A3-9474-1A3956D46DE8}") = "InfrastructureLayer", "InfrastructureLayer", "{43EF9E00-B38F-49DC-8D8A-F1F144A270D1}"
EndProject
Project("{2150E333-8FDC-42A3-9474-1A3956D46DE8}") = "Site", "Site", "{4416773B-AAB3-4F3B-8C38-954E2122FE2F}"
EndProject
Project("{2150E333-8FDC-42A3-9474-1A3956D46DE8}") = "Utility", "Utility", "{8F6110A2-ED1F-4531-AFCF-96CCC4EDEE54}"
EndProject
Project("{FAE04EC0-301F-11D3-BF4B-00C04F79EFBC}") = "KhelaGharAMS", "src\Site\KhelaGharAMS\KhelaGharAMS.csproj", "{9D6818FF-33BC-4127-9F19-FCDED72B2BF0}"
EndProject
Project("{FAE04EC0-301F-11D3-BF4B-00C04F79EFBC}") = "KhelaGhar.AMS.Utility", "src\Infrastructure\KhelaGhar.AMS.Utility\KhelaGhar.AMS.Utility.csproj", "{CD675848-4361-4C5E-A057-F9BAEDC51CD7}"
EndProject
Project("{FAE04EC0-301F-11D3-BF4B-00C04F79EFBC}") = "KhelaGhar.AMS.Model", "src\Domain\KhelaGhar.AMS.Model\KhelaGhar.AMS.Model.csproj", "{BB43AB7D-D263-4AFA-8787-7A1862DA5C96}"
EndProject
Project("{FAE04EC0-301F-11D3-BF4B-00C04F79EFBC}") = "KhelaGharAmsApi", "src\Site\KhelaGharAmsApi\KhelaGharAmsApi.csproj", "{81C15697-3060-4DF9-84AD-B7C68C4BB449}"
EndProject
Global
	GlobalSection(SolutionConfigurationPlatforms) = preSolution
		Ad-Hoc|Any CPU = Ad-Hoc|Any CPU
		Ad-Hoc|ARM = Ad-Hoc|ARM
		Ad-Hoc|iPhone = Ad-Hoc|iPhone
		Ad-Hoc|iPhoneSimulator = Ad-Hoc|iPhoneSimulator
		Ad-Hoc|x64 = Ad-Hoc|x64
		Ad-Hoc|x86 = Ad-Hoc|x86
		AppStore|Any CPU = AppStore|Any CPU
		AppStore|ARM = AppStore|ARM
		AppStore|iPhone = AppStore|iPhone
		AppStore|iPhoneSimulator = AppStore|iPhoneSimulator
		AppStore|x64 = AppStore|x64
		AppStore|x86 = AppStore|x86
		Debug|Any CPU = Debug|Any CPU
		Debug|ARM = Debug|ARM
		Debug|iPhone = Debug|iPhone
		Debug|iPhoneSimulator = Debug|iPhoneSimulator
		Debug|x64 = Debug|x64
		Debug|x86 = Debug|x86
		Release|Any CPU = Release|Any CPU
		Release|ARM = Release|ARM
		Release|iPhone = Release|iPhone
		Release|iPhoneSimulator = Release|iPhoneSimulator
		Release|x64 = Release|x64
		Release|x86 = Release|x86
	EndGlobalSection
	GlobalSection(ProjectConfigurationPlatforms) = postSolution
		{9D6818FF-33BC-4127-9F19-FCDED72B2BF0}.Ad-Hoc|Any CPU.ActiveCfg = Release|Any CPU
		{9D6818FF-33BC-4127-9F19-FCDED72B2BF0}.Ad-Hoc|Any CPU.Build.0 = Release|Any CPU
		{9D6818FF-33BC-4127-9F19-FCDED72B2BF0}.Ad-Hoc|ARM.ActiveCfg = Release|Any CPU
		{9D6818FF-33BC-4127-9F19-FCDED72B2BF0}.Ad-Hoc|ARM.Build.0 = Release|Any CPU
		{9D6818FF-33BC-4127-9F19-FCDED72B2BF0}.Ad-Hoc|iPhone.ActiveCfg = Release|Any CPU
		{9D6818FF-33BC-4127-9F19-FCDED72B2BF0}.Ad-Hoc|iPhone.Build.0 = Release|Any CPU
		{9D6818FF-33BC-4127-9F19-FCDED72B2BF0}.Ad-Hoc|iPhoneSimulator.ActiveCfg = Release|Any CPU
		{9D6818FF-33BC-4127-9F19-FCDED72B2BF0}.Ad-Hoc|iPhoneSimulator.Build.0 = Release|Any CPU
		{9D6818FF-33BC-4127-9F19-FCDED72B2BF0}.Ad-Hoc|x64.ActiveCfg = Release|Any CPU
		{9D6818FF-33BC-4127-9F19-FCDED72B2BF0}.Ad-Hoc|x64.Build.0 = Release|Any CPU
		{9D6818FF-33BC-4127-9F19-FCDED72B2BF0}.Ad-Hoc|x86.ActiveCfg = Release|Any CPU
		{9D6818FF-33BC-4127-9F19-FCDED72B2BF0}.Ad-Hoc|x86.Build.0 = Release|Any CPU
		{9D6818FF-33BC-4127-9F19-FCDED72B2BF0}.AppStore|Any CPU.ActiveCfg = Release|Any CPU
		{9D6818FF-33BC-4127-9F19-FCDED72B2BF0}.AppStore|Any CPU.Build.0 = Release|Any CPU
		{9D6818FF-33BC-4127-9F19-FCDED72B2BF0}.AppStore|ARM.ActiveCfg = Release|Any CPU
		{9D6818FF-33BC-4127-9F19-FCDED72B2BF0}.AppStore|ARM.Build.0 = Release|Any CPU
		{9D6818FF-33BC-4127-9F19-FCDED72B2BF0}.AppStore|iPhone.ActiveCfg = Release|Any CPU
		{9D6818FF-33BC-4127-9F19-FCDED72B2BF0}.AppStore|iPhone.Build.0 = Release|Any CPU
		{9D6818FF-33BC-4127-9F19-FCDED72B2BF0}.AppStore|iPhoneSimulator.ActiveCfg = Release|Any CPU
		{9D6818FF-33BC-4127-9F19-FCDED72B2BF0}.AppStore|iPhoneSimulator.Build.0 = Release|Any CPU
		{9D6818FF-33BC-4127-9F19-FCDED72B2BF0}.AppStore|x64.ActiveCfg = Release|Any CPU
		{9D6818FF-33BC-4127-9F19-FCDED72B2BF0}.AppStore|x64.Build.0 = Release|Any CPU
		{9D6818FF-33BC-4127-9F19-FCDED72B2BF0}.AppStore|x86.ActiveCfg = Release|Any CPU
		{9D6818FF-33BC-4127-9F19-FCDED72B2BF0}.AppStore|x86.Build.0 = Release|Any CPU
		{9D6818FF-33BC-4127-9F19-FCDED72B2BF0}.Debug|Any CPU.ActiveCfg = Debug|Any CPU
		{9D6818FF-33BC-4127-9F19-FCDED72B2BF0}.Debug|Any CPU.Build.0 = Debug|Any CPU
		{9D6818FF-33BC-4127-9F19-FCDED72B2BF0}.Debug|ARM.ActiveCfg = Debug|Any CPU
		{9D6818FF-33BC-4127-9F19-FCDED72B2BF0}.Debug|ARM.Build.0 = Debug|Any CPU
		{9D6818FF-33BC-4127-9F19-FCDED72B2BF0}.Debug|iPhone.ActiveCfg = Debug|Any CPU
		{9D6818FF-33BC-4127-9F19-FCDED72B2BF0}.Debug|iPhone.Build.0 = Debug|Any CPU
		{9D6818FF-33BC-4127-9F19-FCDED72B2BF0}.Debug|iPhoneSimulator.ActiveCfg = Debug|Any CPU
		{9D6818FF-33BC-4127-9F19-FCDED72B2BF0}.Debug|iPhoneSimulator.Build.0 = Debug|Any CPU
		{9D6818FF-33BC-4127-9F19-FCDED72B2BF0}.Debug|x64.ActiveCfg = Debug|Any CPU
		{9D6818FF-33BC-4127-9F19-FCDED72B2BF0}.Debug|x64.Build.0 = Debug|Any CPU
		{9D6818FF-33BC-4127-9F19-FCDED72B2BF0}.Debug|x86.ActiveCfg = Debug|Any CPU
		{9D6818FF-33BC-4127-9F19-FCDED72B2BF0}.Debug|x86.Build.0 = Debug|Any CPU
		{9D6818FF-33BC-4127-9F19-FCDED72B2BF0}.Release|Any CPU.ActiveCfg = Release|Any CPU
		{9D6818FF-33BC-4127-9F19-FCDED72B2BF0}.Release|Any CPU.Build.0 = Release|Any CPU
		{9D6818FF-33BC-4127-9F19-FCDED72B2BF0}.Release|ARM.ActiveCfg = Release|Any CPU
		{9D6818FF-33BC-4127-9F19-FCDED72B2BF0}.Release|ARM.Build.0 = Release|Any CPU
		{9D6818FF-33BC-4127-9F19-FCDED72B2BF0}.Release|iPhone.ActiveCfg = Release|Any CPU
		{9D6818FF-33BC-4127-9F19-FCDED72B2BF0}.Release|iPhone.Build.0 = Release|Any CPU
		{9D6818FF-33BC-4127-9F19-FCDED72B2BF0}.Release|iPhoneSimulator.ActiveCfg = Release|Any CPU
		{9D6818FF-33BC-4127-9F19-FCDED72B2BF0}.Release|iPhoneSimulator.Build.0 = Release|Any CPU
		{9D6818FF-33BC-4127-9F19-FCDED72B2BF0}.Release|x64.ActiveCfg = Release|Any CPU
		{9D6818FF-33BC-4127-9F19-FCDED72B2BF0}.Release|x64.Build.0 = Release|Any CPU
		{9D6818FF-33BC-4127-9F19-FCDED72B2BF0}.Release|x86.ActiveCfg = Release|Any CPU
		{9D6818FF-33BC-4127-9F19-FCDED72B2BF0}.Release|x86.Build.0 = Release|Any CPU
		{CD675848-4361-4C5E-A057-F9BAEDC51CD7}.Ad-Hoc|Any CPU.ActiveCfg = Release|Any CPU
		{CD675848-4361-4C5E-A057-F9BAEDC51CD7}.Ad-Hoc|Any CPU.Build.0 = Release|Any CPU
		{CD675848-4361-4C5E-A057-F9BAEDC51CD7}.Ad-Hoc|ARM.ActiveCfg = Release|Any CPU
		{CD675848-4361-4C5E-A057-F9BAEDC51CD7}.Ad-Hoc|ARM.Build.0 = Release|Any CPU
		{CD675848-4361-4C5E-A057-F9BAEDC51CD7}.Ad-Hoc|iPhone.ActiveCfg = Release|Any CPU
		{CD675848-4361-4C5E-A057-F9BAEDC51CD7}.Ad-Hoc|iPhone.Build.0 = Release|Any CPU
		{CD675848-4361-4C5E-A057-F9BAEDC51CD7}.Ad-Hoc|iPhoneSimulator.ActiveCfg = Release|Any CPU
		{CD675848-4361-4C5E-A057-F9BAEDC51CD7}.Ad-Hoc|iPhoneSimulator.Build.0 = Release|Any CPU
		{CD675848-4361-4C5E-A057-F9BAEDC51CD7}.Ad-Hoc|x64.ActiveCfg = Release|Any CPU
		{CD675848-4361-4C5E-A057-F9BAEDC51CD7}.Ad-Hoc|x64.Build.0 = Release|Any CPU
		{CD675848-4361-4C5E-A057-F9BAEDC51CD7}.Ad-Hoc|x86.ActiveCfg = Release|Any CPU
		{CD675848-4361-4C5E-A057-F9BAEDC51CD7}.Ad-Hoc|x86.Build.0 = Release|Any CPU
		{CD675848-4361-4C5E-A057-F9BAEDC51CD7}.AppStore|Any CPU.ActiveCfg = Release|Any CPU
		{CD675848-4361-4C5E-A057-F9BAEDC51CD7}.AppStore|Any CPU.Build.0 = Release|Any CPU
		{CD675848-4361-4C5E-A057-F9BAEDC51CD7}.AppStore|ARM.ActiveCfg = Release|Any CPU
		{CD675848-4361-4C5E-A057-F9BAEDC51CD7}.AppStore|ARM.Build.0 = Release|Any CPU
		{CD675848-4361-4C5E-A057-F9BAEDC51CD7}.AppStore|iPhone.ActiveCfg = Release|Any CPU
		{CD675848-4361-4C5E-A057-F9BAEDC51CD7}.AppStore|iPhone.Build.0 = Release|Any CPU
		{CD675848-4361-4C5E-A057-F9BAEDC51CD7}.AppStore|iPhoneSimulator.ActiveCfg = Release|Any CPU
		{CD675848-4361-4C5E-A057-F9BAEDC51CD7}.AppStore|iPhoneSimulator.Build.0 = Release|Any CPU
		{CD675848-4361-4C5E-A057-F9BAEDC51CD7}.AppStore|x64.ActiveCfg = Release|Any CPU
		{CD675848-4361-4C5E-A057-F9BAEDC51CD7}.AppStore|x64.Build.0 = Release|Any CPU
		{CD675848-4361-4C5E-A057-F9BAEDC51CD7}.AppStore|x86.ActiveCfg = Release|Any CPU
		{CD675848-4361-4C5E-A057-F9BAEDC51CD7}.AppStore|x86.Build.0 = Release|Any CPU
		{CD675848-4361-4C5E-A057-F9BAEDC51CD7}.Debug|Any CPU.ActiveCfg = Debug|Any CPU
		{CD675848-4361-4C5E-A057-F9BAEDC51CD7}.Debug|Any CPU.Build.0 = Debug|Any CPU
		{CD675848-4361-4C5E-A057-F9BAEDC51CD7}.Debug|ARM.ActiveCfg = Debug|Any CPU
		{CD675848-4361-4C5E-A057-F9BAEDC51CD7}.Debug|ARM.Build.0 = Debug|Any CPU
		{CD675848-4361-4C5E-A057-F9BAEDC51CD7}.Debug|iPhone.ActiveCfg = Debug|Any CPU
		{CD675848-4361-4C5E-A057-F9BAEDC51CD7}.Debug|iPhone.Build.0 = Debug|Any CPU
		{CD675848-4361-4C5E-A057-F9BAEDC51CD7}.Debug|iPhoneSimulator.ActiveCfg = Debug|Any CPU
		{CD675848-4361-4C5E-A057-F9BAEDC51CD7}.Debug|iPhoneSimulator.Build.0 = Debug|Any CPU
		{CD675848-4361-4C5E-A057-F9BAEDC51CD7}.Debug|x64.ActiveCfg = Debug|Any CPU
		{CD675848-4361-4C5E-A057-F9BAEDC51CD7}.Debug|x64.Build.0 = Debug|Any CPU
		{CD675848-4361-4C5E-A057-F9BAEDC51CD7}.Debug|x86.ActiveCfg = Debug|Any CPU
		{CD675848-4361-4C5E-A057-F9BAEDC51CD7}.Debug|x86.Build.0 = Debug|Any CPU
		{CD675848-4361-4C5E-A057-F9BAEDC51CD7}.Release|Any CPU.ActiveCfg = Release|Any CPU
		{CD675848-4361-4C5E-A057-F9BAEDC51CD7}.Release|Any CPU.Build.0 = Release|Any CPU
		{CD675848-4361-4C5E-A057-F9BAEDC51CD7}.Release|ARM.ActiveCfg = Release|Any CPU
		{CD675848-4361-4C5E-A057-F9BAEDC51CD7}.Release|ARM.Build.0 = Release|Any CPU
		{CD675848-4361-4C5E-A057-F9BAEDC51CD7}.Release|iPhone.ActiveCfg = Release|Any CPU
		{CD675848-4361-4C5E-A057-F9BAEDC51CD7}.Release|iPhone.Build.0 = Release|Any CPU
		{CD675848-4361-4C5E-A057-F9BAEDC51CD7}.Release|iPhoneSimulator.ActiveCfg = Release|Any CPU
		{CD675848-4361-4C5E-A057-F9BAEDC51CD7}.Release|iPhoneSimulator.Build.0 = Release|Any CPU
		{CD675848-4361-4C5E-A057-F9BAEDC51CD7}.Release|x64.ActiveCfg = Release|Any CPU
		{CD675848-4361-4C5E-A057-F9BAEDC51CD7}.Release|x64.Build.0 = Release|Any CPU
		{CD675848-4361-4C5E-A057-F9BAEDC51CD7}.Release|x86.ActiveCfg = Release|Any CPU
		{CD675848-4361-4C5E-A057-F9BAEDC51CD7}.Release|x86.Build.0 = Release|Any CPU
		{BB43AB7D-D263-4AFA-8787-7A1862DA5C96}.Ad-Hoc|Any CPU.ActiveCfg = Release|Any CPU
		{BB43AB7D-D263-4AFA-8787-7A1862DA5C96}.Ad-Hoc|Any CPU.Build.0 = Release|Any CPU
		{BB43AB7D-D263-4AFA-8787-7A1862DA5C96}.Ad-Hoc|ARM.ActiveCfg = Release|Any CPU
		{BB43AB7D-D263-4AFA-8787-7A1862DA5C96}.Ad-Hoc|ARM.Build.0 = Release|Any CPU
		{BB43AB7D-D263-4AFA-8787-7A1862DA5C96}.Ad-Hoc|iPhone.ActiveCfg = Release|Any CPU
		{BB43AB7D-D263-4AFA-8787-7A1862DA5C96}.Ad-Hoc|iPhone.Build.0 = Release|Any CPU
		{BB43AB7D-D263-4AFA-8787-7A1862DA5C96}.Ad-Hoc|iPhoneSimulator.ActiveCfg = Release|Any CPU
		{BB43AB7D-D263-4AFA-8787-7A1862DA5C96}.Ad-Hoc|iPhoneSimulator.Build.0 = Release|Any CPU
		{BB43AB7D-D263-4AFA-8787-7A1862DA5C96}.Ad-Hoc|x64.ActiveCfg = Release|Any CPU
		{BB43AB7D-D263-4AFA-8787-7A1862DA5C96}.Ad-Hoc|x64.Build.0 = Release|Any CPU
		{BB43AB7D-D263-4AFA-8787-7A1862DA5C96}.Ad-Hoc|x86.ActiveCfg = Release|Any CPU
		{BB43AB7D-D263-4AFA-8787-7A1862DA5C96}.Ad-Hoc|x86.Build.0 = Release|Any CPU
		{BB43AB7D-D263-4AFA-8787-7A1862DA5C96}.AppStore|Any CPU.ActiveCfg = Release|Any CPU
		{BB43AB7D-D263-4AFA-8787-7A1862DA5C96}.AppStore|Any CPU.Build.0 = Release|Any CPU
		{BB43AB7D-D263-4AFA-8787-7A1862DA5C96}.AppStore|ARM.ActiveCfg = Release|Any CPU
		{BB43AB7D-D263-4AFA-8787-7A1862DA5C96}.AppStore|ARM.Build.0 = Release|Any CPU
		{BB43AB7D-D263-4AFA-8787-7A1862DA5C96}.AppStore|iPhone.ActiveCfg = Release|Any CPU
		{BB43AB7D-D263-4AFA-8787-7A1862DA5C96}.AppStore|iPhone.Build.0 = Release|Any CPU
		{BB43AB7D-D263-4AFA-8787-7A1862DA5C96}.AppStore|iPhoneSimulator.ActiveCfg = Release|Any CPU
		{BB43AB7D-D263-4AFA-8787-7A1862DA5C96}.AppStore|iPhoneSimulator.Build.0 = Release|Any CPU
		{BB43AB7D-D263-4AFA-8787-7A1862DA5C96}.AppStore|x64.ActiveCfg = Release|Any CPU
		{BB43AB7D-D263-4AFA-8787-7A1862DA5C96}.AppStore|x64.Build.0 = Release|Any CPU
		{BB43AB7D-D263-4AFA-8787-7A1862DA5C96}.AppStore|x86.ActiveCfg = Release|Any CPU
		{BB43AB7D-D263-4AFA-8787-7A1862DA5C96}.AppStore|x86.Build.0 = Release|Any CPU
		{BB43AB7D-D263-4AFA-8787-7A1862DA5C96}.Debug|Any CPU.ActiveCfg = Debug|Any CPU
		{BB43AB7D-D263-4AFA-8787-7A1862DA5C96}.Debug|Any CPU.Build.0 = Debug|Any CPU
		{BB43AB7D-D263-4AFA-8787-7A1862DA5C96}.Debug|ARM.ActiveCfg = Debug|Any CPU
		{BB43AB7D-D263-4AFA-8787-7A1862DA5C96}.Debug|ARM.Build.0 = Debug|Any CPU
		{BB43AB7D-D263-4AFA-8787-7A1862DA5C96}.Debug|iPhone.ActiveCfg = Debug|Any CPU
		{BB43AB7D-D263-4AFA-8787-7A1862DA5C96}.Debug|iPhone.Build.0 = Debug|Any CPU
		{BB43AB7D-D263-4AFA-8787-7A1862DA5C96}.Debug|iPhoneSimulator.ActiveCfg = Debug|Any CPU
		{BB43AB7D-D263-4AFA-8787-7A1862DA5C96}.Debug|iPhoneSimulator.Build.0 = Debug|Any CPU
		{BB43AB7D-D263-4AFA-8787-7A1862DA5C96}.Debug|x64.ActiveCfg = Debug|Any CPU
		{BB43AB7D-D263-4AFA-8787-7A1862DA5C96}.Debug|x64.Build.0 = Debug|Any CPU
		{BB43AB7D-D263-4AFA-8787-7A1862DA5C96}.Debug|x86.ActiveCfg = Debug|Any CPU
		{BB43AB7D-D263-4AFA-8787-7A1862DA5C96}.Debug|x86.Build.0 = Debug|Any CPU
		{BB43AB7D-D263-4AFA-8787-7A1862DA5C96}.Release|Any CPU.ActiveCfg = Release|Any CPU
		{BB43AB7D-D263-4AFA-8787-7A1862DA5C96}.Release|Any CPU.Build.0 = Release|Any CPU
		{BB43AB7D-D263-4AFA-8787-7A1862DA5C96}.Release|ARM.ActiveCfg = Release|Any CPU
		{BB43AB7D-D263-4AFA-8787-7A1862DA5C96}.Release|ARM.Build.0 = Release|Any CPU
		{BB43AB7D-D263-4AFA-8787-7A1862DA5C96}.Release|iPhone.ActiveCfg = Release|Any CPU
		{BB43AB7D-D263-4AFA-8787-7A1862DA5C96}.Release|iPhone.Build.0 = Release|Any CPU
		{BB43AB7D-D263-4AFA-8787-7A1862DA5C96}.Release|iPhoneSimulator.ActiveCfg = Release|Any CPU
		{BB43AB7D-D263-4AFA-8787-7A1862DA5C96}.Release|iPhoneSimulator.Build.0 = Release|Any CPU
		{BB43AB7D-D263-4AFA-8787-7A1862DA5C96}.Release|x64.ActiveCfg = Release|Any CPU
		{BB43AB7D-D263-4AFA-8787-7A1862DA5C96}.Release|x64.Build.0 = Release|Any CPU
		{BB43AB7D-D263-4AFA-8787-7A1862DA5C96}.Release|x86.ActiveCfg = Release|Any CPU
		{BB43AB7D-D263-4AFA-8787-7A1862DA5C96}.Release|x86.Build.0 = Release|Any CPU
		{81C15697-3060-4DF9-84AD-B7C68C4BB449}.Ad-Hoc|Any CPU.ActiveCfg = Release|Any CPU
		{81C15697-3060-4DF9-84AD-B7C68C4BB449}.Ad-Hoc|Any CPU.Build.0 = Release|Any CPU
		{81C15697-3060-4DF9-84AD-B7C68C4BB449}.Ad-Hoc|ARM.ActiveCfg = Release|Any CPU
		{81C15697-3060-4DF9-84AD-B7C68C4BB449}.Ad-Hoc|ARM.Build.0 = Release|Any CPU
		{81C15697-3060-4DF9-84AD-B7C68C4BB449}.Ad-Hoc|iPhone.ActiveCfg = Release|Any CPU
		{81C15697-3060-4DF9-84AD-B7C68C4BB449}.Ad-Hoc|iPhone.Build.0 = Release|Any CPU
		{81C15697-3060-4DF9-84AD-B7C68C4BB449}.Ad-Hoc|iPhoneSimulator.ActiveCfg = Release|Any CPU
		{81C15697-3060-4DF9-84AD-B7C68C4BB449}.Ad-Hoc|iPhoneSimulator.Build.0 = Release|Any CPU
		{81C15697-3060-4DF9-84AD-B7C68C4BB449}.Ad-Hoc|x64.ActiveCfg = Release|Any CPU
		{81C15697-3060-4DF9-84AD-B7C68C4BB449}.Ad-Hoc|x64.Build.0 = Release|Any CPU
		{81C15697-3060-4DF9-84AD-B7C68C4BB449}.Ad-Hoc|x86.ActiveCfg = Release|Any CPU
		{81C15697-3060-4DF9-84AD-B7C68C4BB449}.Ad-Hoc|x86.Build.0 = Release|Any CPU
		{81C15697-3060-4DF9-84AD-B7C68C4BB449}.AppStore|Any CPU.ActiveCfg = Release|Any CPU
		{81C15697-3060-4DF9-84AD-B7C68C4BB449}.AppStore|Any CPU.Build.0 = Release|Any CPU
		{81C15697-3060-4DF9-84AD-B7C68C4BB449}.AppStore|ARM.ActiveCfg = Release|Any CPU
		{81C15697-3060-4DF9-84AD-B7C68C4BB449}.AppStore|ARM.Build.0 = Release|Any CPU
		{81C15697-3060-4DF9-84AD-B7C68C4BB449}.AppStore|iPhone.ActiveCfg = Release|Any CPU
		{81C15697-3060-4DF9-84AD-B7C68C4BB449}.AppStore|iPhone.Build.0 = Release|Any CPU
		{81C15697-3060-4DF9-84AD-B7C68C4BB449}.AppStore|iPhoneSimulator.ActiveCfg = Release|Any CPU
		{81C15697-3060-4DF9-84AD-B7C68C4BB449}.AppStore|iPhoneSimulator.Build.0 = Release|Any CPU
		{81C15697-3060-4DF9-84AD-B7C68C4BB449}.AppStore|x64.ActiveCfg = Release|Any CPU
		{81C15697-3060-4DF9-84AD-B7C68C4BB449}.AppStore|x64.Build.0 = Release|Any CPU
		{81C15697-3060-4DF9-84AD-B7C68C4BB449}.AppStore|x86.ActiveCfg = Release|Any CPU
		{81C15697-3060-4DF9-84AD-B7C68C4BB449}.AppStore|x86.Build.0 = Release|Any CPU
		{81C15697-3060-4DF9-84AD-B7C68C4BB449}.Debug|Any CPU.ActiveCfg = Debug|Any CPU
		{81C15697-3060-4DF9-84AD-B7C68C4BB449}.Debug|Any CPU.Build.0 = Debug|Any CPU
		{81C15697-3060-4DF9-84AD-B7C68C4BB449}.Debug|ARM.ActiveCfg = Debug|Any CPU
		{81C15697-3060-4DF9-84AD-B7C68C4BB449}.Debug|ARM.Build.0 = Debug|Any CPU
		{81C15697-3060-4DF9-84AD-B7C68C4BB449}.Debug|iPhone.ActiveCfg = Debug|Any CPU
		{81C15697-3060-4DF9-84AD-B7C68C4BB449}.Debug|iPhone.Build.0 = Debug|Any CPU
		{81C15697-3060-4DF9-84AD-B7C68C4BB449}.Debug|iPhoneSimulator.ActiveCfg = Debug|Any CPU
		{81C15697-3060-4DF9-84AD-B7C68C4BB449}.Debug|iPhoneSimulator.Build.0 = Debug|Any CPU
		{81C15697-3060-4DF9-84AD-B7C68C4BB449}.Debug|x64.ActiveCfg = Debug|Any CPU
		{81C15697-3060-4DF9-84AD-B7C68C4BB449}.Debug|x64.Build.0 = Debug|Any CPU
		{81C15697-3060-4DF9-84AD-B7C68C4BB449}.Debug|x86.ActiveCfg = Debug|Any CPU
		{81C15697-3060-4DF9-84AD-B7C68C4BB449}.Debug|x86.Build.0 = Debug|Any CPU
		{81C15697-3060-4DF9-84AD-B7C68C4BB449}.Release|Any CPU.ActiveCfg = Release|Any CPU
		{81C15697-3060-4DF9-84AD-B7C68C4BB449}.Release|Any CPU.Build.0 = Release|Any CPU
		{81C15697-3060-4DF9-84AD-B7C68C4BB449}.Release|ARM.ActiveCfg = Release|Any CPU
		{81C15697-3060-4DF9-84AD-B7C68C4BB449}.Release|ARM.Build.0 = Release|Any CPU
		{81C15697-3060-4DF9-84AD-B7C68C4BB449}.Release|iPhone.ActiveCfg = Release|Any CPU
		{81C15697-3060-4DF9-84AD-B7C68C4BB449}.Release|iPhone.Build.0 = Release|Any CPU
		{81C15697-3060-4DF9-84AD-B7C68C4BB449}.Release|iPhoneSimulator.ActiveCfg = Release|Any CPU
		{81C15697-3060-4DF9-84AD-B7C68C4BB449}.Release|iPhoneSimulator.Build.0 = Release|Any CPU
		{81C15697-3060-4DF9-84AD-B7C68C4BB449}.Release|x64.ActiveCfg = Release|Any CPU
		{81C15697-3060-4DF9-84AD-B7C68C4BB449}.Release|x64.Build.0 = Release|Any CPU
		{81C15697-3060-4DF9-84AD-B7C68C4BB449}.Release|x86.ActiveCfg = Release|Any CPU
		{81C15697-3060-4DF9-84AD-B7C68C4BB449}.Release|x86.Build.0 = Release|Any CPU
	EndGlobalSection
	GlobalSection(SolutionProperties) = preSolution
		HideSolutionNode = FALSE
	EndGlobalSection
	GlobalSection(NestedProjects) = preSolution
		{8F6110A2-ED1F-4531-AFCF-96CCC4EDEE54} = {43EF9E00-B38F-49DC-8D8A-F1F144A270D1}
		{9D6818FF-33BC-4127-9F19-FCDED72B2BF0} = {4416773B-AAB3-4F3B-8C38-954E2122FE2F}
		{CD675848-4361-4C5E-A057-F9BAEDC51CD7} = {8F6110A2-ED1F-4531-AFCF-96CCC4EDEE54}
		{BB43AB7D-D263-4AFA-8787-7A1862DA5C96} = {F722A6C6-2B1F-4855-9E7F-7B984FC6E89C}
		{81C15697-3060-4DF9-84AD-B7C68C4BB449} = {4416773B-AAB3-4F3B-8C38-954E2122FE2F}
	EndGlobalSection
EndGlobal
